{
  "name": "@oresoftware/cli-portability-fixture",
  "version": "0.0.0",
  "lockfileVersion": 3,
  "requires": true,
  "packages": {
    "": {
      "name": "@oresoftware/cli-portability-fixture",
      "version": "0.0.0",
      "bin": {
        "cli-portability-fixture": "bin/fixture.mjs"
      }
    }
  }
}
